
Microsoft Visual Studio Solution File, Format Version 12.00
# Visual Studio 2012
Project("{FAE04EC0-301F-11D3-BF4B-00C04F79EFBC}") = "RecetarioApp", "RecetarioApp\RecetarioApp.csproj", "{1CE9871A-48B2-4283-9A3C-048D006A14DF}"
EndProject
Project("{FAE04EC0-301F-11D3-BF4B-00C04F79EFBC}") = "RecetarioApp.iOS", "iOS\RecetarioApp.iOS.csproj", "{CDD7228A-52C3-40CE-8CC3-1029A356A5A8}"
EndProject
Project("{FAE04EC0-301F-11D3-BF4B-00C04F79EFBC}") = "RecetarioApp.Droid", "Droid\RecetarioApp.Droid.csproj", "{FFC09D71-D9F7-43B3-B3E7-3CE786A71FCE}"
EndProject
Global
	GlobalSection(SolutionConfigurationPlatforms) = preSolution
		Debug|Any CPU = Debug|Any CPU
		Release|Any CPU = Release|Any CPU
		Debug|iPhoneSimulator = Debug|iPhoneSimulator
		Release|iPhone = Release|iPhone
		Release|iPhoneSimulator = Release|iPhoneSimulator
		Debug|iPhone = Debug|iPhone
	EndGlobalSection
	GlobalSection(ProjectConfigurationPlatforms) = postSolution
		{1CE9871A-48B2-4283-9A3C-048D006A14DF}.Debug|Any CPU.ActiveCfg = Debug|Any CPU
		{1CE9871A-48B2-4283-9A3C-048D006A14DF}.Debug|Any CPU.Build.0 = Debug|Any CPU
		{1CE9871A-48B2-4283-9A3C-048D006A14DF}.Release|Any CPU.ActiveCfg = Release|Any CPU
		{1CE9871A-48B2-4283-9A3C-048D006A14DF}.Release|Any CPU.Build.0 = Release|Any CPU
		{1CE9871A-48B2-4283-9A3C-048D006A14DF}.Debug|iPhoneSimulator.ActiveCfg = Debug|Any CPU
		{1CE9871A-48B2-4283-9A3C-048D006A14DF}.Debug|iPhoneSimulator.Build.0 = Debug|Any CPU
		{1CE9871A-48B2-4283-9A3C-048D006A14DF}.Release|iPhone.ActiveCfg = Release|Any CPU
		{1CE9871A-48B2-4283-9A3C-048D006A14DF}.Release|iPhone.Build.0 = Release|Any CPU
		{1CE9871A-48B2-4283-9A3C-048D006A14DF}.Release|iPhoneSimulator.ActiveCfg = Release|Any CPU
		{1CE9871A-48B2-4283-9A3C-048D006A14DF}.Release|iPhoneSimulator.Build.0 = Release|Any CPU
		{1CE9871A-48B2-4283-9A3C-048D006A14DF}.Debug|iPhone.ActiveCfg = Debug|Any CPU
		{1CE9871A-48B2-4283-9A3C-048D006A14DF}.Debug|iPhone.Build.0 = Debug|Any CPU
		{CDD7228A-52C3-40CE-8CC3-1029A356A5A8}.Debug|Any CPU.ActiveCfg = Debug|iPhoneSimulator
		{CDD7228A-52C3-40CE-8CC3-1029A356A5A8}.Debug|Any CPU.Build.0 = Debug|iPhoneSimulator
		{CDD7228A-52C3-40CE-8CC3-1029A356A5A8}.Release|Any CPU.ActiveCfg = Release|iPhone
		{CDD7228A-52C3-40CE-8CC3-1029A356A5A8}.Release|Any CPU.Build.0 = Release|iPhone
		{CDD7228A-52C3-40CE-8CC3-1029A356A5A8}.Debug|iPhoneSimulator.ActiveCfg = Debug|iPhoneSimulator
		{CDD7228A-52C3-40CE-8CC3-1029A356A5A8}.Debug|iPhoneSimulator.Build.0 = Debug|iPhoneSimulator
		{CDD7228A-52C3-40CE-8CC3-1029A356A5A8}.Release|iPhone.ActiveCfg = Release|iPhone
		{CDD7228A-52C3-40CE-8CC3-1029A356A5A8}.Release|iPhone.Build.0 = Release|iPhone
		{CDD7228A-52C3-40CE-8CC3-1029A356A5A8}.Release|iPhoneSimulator.ActiveCfg = Release|iPhoneSimulator
		{CDD7228A-52C3-40CE-8CC3-1029A356A5A8}.Release|iPhoneSimulator.Build.0 = Release|iPhoneSimulator
		{CDD7228A-52C3-40CE-8CC3-1029A356A5A8}.Debug|iPhone.ActiveCfg = Debug|iPhone
		{CDD7228A-52C3-40CE-8CC3-1029A356A5A8}.Debug|iPhone.Build.0 = Debug|iPhone
		{FFC09D71-D9F7-43B3-B3E7-3CE786A71FCE}.Debug|Any CPU.ActiveCfg = Debug|Any CPU
		{FFC09D71-D9F7-43B3-B3E7-3CE786A71FCE}.Debug|Any CPU.Build.0 = Debug|Any CPU
		{FFC09D71-D9F7-43B3-B3E7-3CE786A71FCE}.Release|Any CPU.ActiveCfg = Release|Any CPU
		{FFC09D71-D9F7-43B3-B3E7-3CE786A71FCE}.Release|Any CPU.Build.0 = Release|Any CPU
		{FFC09D71-D9F7-43B3-B3E7-3CE786A71FCE}.Debug|iPhoneSimulator.ActiveCfg = Debug|Any CPU
		{FFC09D71-D9F7-43B3-B3E7-3CE786A71FCE}.Debug|iPhoneSimulator.Build.0 = Debug|Any CPU
		{FFC09D71-D9F7-43B3-B3E7-3CE786A71FCE}.Release|iPhone.ActiveCfg = Release|Any CPU
		{FFC09D71-D9F7-43B3-B3E7-3CE786A71FCE}.Release|iPhone.Build.0 = Release|Any CPU
		{FFC09D71-D9F7-43B3-B3E7-3CE786A71FCE}.Release|iPhoneSimulator.ActiveCfg = Release|Any CPU
		{FFC09D71-D9F7-43B3-B3E7-3CE786A71FCE}.Release|iPhoneSimulator.Build.0 = Release|Any CPU
		{FFC09D71-D9F7-43B3-B3E7-3CE786A71FCE}.Debug|iPhone.ActiveCfg = Debug|Any CPU
		{FFC09D71-D9F7-43B3-B3E7-3CE786A71FCE}.Debug|iPhone.Build.0 = Debug|Any CPU
	EndGlobalSection
	GlobalSection(MonoDevelopProperties) = preSolution
		Policies = $0
		$0.DotNetNamingPolicy = $1
		$1.DirectoryNamespaceAssociation = None
		$1.ResourceNamePolicy = FileFormatDefault
		$0.TextStylePolicy = $2
		$2.inheritsSet = null
		$2.scope = application/xaml+xml
		$0.XmlFormattingPolicy = $3
		$3.inheritsSet = null
		$3.scope = application/xaml+xml
		$0.StandardHeader = $4
		$4.Text = 
		$4.IncludeInNewFiles = True
		$0.NameConventionPolicy = $5
		$5.Rules = $6
		$6.NamingRule = $7
		$7.Name = Type Parameters
		$7.AffectedEntity = TypeParameter
		$7.VisibilityMask = VisibilityMask
		$7.NamingStyle = PascalCase
		$7.IncludeInstanceMembers = True
		$7.IncludeStaticEntities = True
		$7.RequiredPrefixes = $8
		$8.String = T
		$7.RequiredSuffixes = $9
		$9.String = Exception
		$0.VersionControlPolicy = $10
		$10.inheritsSet = Mono
		version = 1.00.00
	EndGlobalSection
EndGlobal
